
Microsoft Visual Studio Solution File, Format Version 12.00
# Visual Studio Version 17
VisualStudioVersion = 17.8.34330.188
MinimumVisualStudioVersion = 10.0.40219.1
Project("{9A19103F-16F7-4668-BE54-9A1E7A4F7556}") = "Rex.RIMS.EvriAPI", "Rex.RIMS.EvriAPI.csproj", "{4209B6DD-892F-4EB2-ABA8-5CDFA57F58BE}"
EndProject
Global
	GlobalSection(SolutionConfigurationPlatforms) = preSolution
		Debug|Any CPU = Debug|Any CPU
		Release|Any CPU = Release|Any CPU
	EndGlobalSection
	GlobalSection(ProjectConfigurationPlatforms) = postSolution
		{4209B6DD-892F-4EB2-ABA8-5CDFA57F58BE}.Debug|Any CPU.ActiveCfg = Debug|Any CPU
		{4209B6DD-892F-4EB2-ABA8-5CDFA57F58BE}.Debug|Any CPU.Build.0 = Debug|Any CPU
		{4209B6DD-892F-4EB2-ABA8-5CDFA57F58BE}.Release|Any CPU.ActiveCfg = Release|Any CPU
		{4209B6DD-892F-4EB2-ABA8-5CDFA57F58BE}.Release|Any CPU.Build.0 = Release|Any CPU
	EndGlobalSection
	GlobalSection(SolutionProperties) = preSolution
		HideSolutionNode = FALSE
	EndGlobalSection
	GlobalSection(ExtensibilityGlobals) = postSolution
		SolutionGuid = {45994B2A-7367-4758-B4ED-98C523C03092}
	EndGlobalSection
EndGlobal
